{
    "name": "filament-inner-nav",
    "version": "1.0.0",
    "lockfileVersion": 3,
    "requires": true,
    "packages": {
        "": {
            "name": "filament-inner-nav",
            "version": "1.0.0",
            "devDependencies": {
                "tailwindcss": "^4.0.5"
            }
        },
        "node_modules/tailwindcss": {
            "version": "4.0.5",
            "resolved": "https://registry.npmjs.org/tailwindcss/-/tailwindcss-4.0.5.tgz",
            "integrity": "sha512-DZZIKX3tA23LGTjHdnwlJOTxfICD1cPeykLLsYF1RQBI9QsCR3i0szohJfJDVjr6aNRAIio5WVO7FGB77fRHwg==",
            "dev": true,
            "license": "MIT"
        }
    }
}
