{
    "name": "filament-inner-nav",
    "version": "1.0.0",
    "lockfileVersion": 3,
    "requires": true,
    "packages": {
        "": {
            "name": "filament-inner-nav",
            "version": "1.0.0",
            "devDependencies": {
                "tailwindcss": "^4.0.3"
            }
        },
        "node_modules/tailwindcss": {
            "version": "4.0.3",
            "resolved": "https://registry.npmjs.org/tailwindcss/-/tailwindcss-4.0.3.tgz",
            "integrity": "sha512-ImmZF0Lon5RrQpsEAKGxRvHwCvMgSC4XVlFRqmbzTEDb/3wvin9zfEZrMwgsa3yqBbPqahYcVI6lulM2S7IZAA==",
            "dev": true,
            "license": "MIT"
        }
    }
}
